// !$*UTF8*$!
{
	archiveVersion = 1;
	classes = {
	};
	objectVersion = 56;
	objects = {

/* Begin PBXBuildFile section */
		18020EF72A461F1F00D615D7 /* GoogleService-Info.plist in Resources */ = {isa = PBXBuildFile; fileRef = 18020EF62A461F1F00D615D7 /* GoogleService-Info.plist */; };
		18020EFA2A46211F00D615D7 /* FirebaseAuth in Frameworks */ = {isa = PBXBuildFile; productRef = 18020EF92A46211F00D615D7 /* FirebaseAuth */; };
		18020EFC2A46211F00D615D7 /* FirebaseDatabase in Frameworks */ = {isa = PBXBuildFile; productRef = 18020EFB2A46211F00D615D7 /* FirebaseDatabase */; };
		18020EFE2A46211F00D615D7 /* FirebaseFirestore in Frameworks */ = {isa = PBXBuildFile; productRef = 18020EFD2A46211F00D615D7 /* FirebaseFirestore */; };
		18020F002A46211F00D615D7 /* FirebaseStorage in Frameworks */ = {isa = PBXBuildFile; productRef = 18020EFF2A46211F00D615D7 /* FirebaseStorage */; };
		18020F032A462D1E00D615D7 /* AuthManager.swift in Sources */ = {isa = PBXBuildFile; fileRef = 18020F022A462D1E00D615D7 /* AuthManager.swift */; };
		180AC2FB2A47669E000FD11F /* RegistrationTextField.swift in Sources */ = {isa = PBXBuildFile; fileRef = 180AC2FA2A47669E000FD11F /* RegistrationTextField.swift */; };
		180AC2FD2A47856D000FD11F /* DatabaseService.swift in Sources */ = {isa = PBXBuildFile; fileRef = 180AC2FC2A47856D000FD11F /* DatabaseService.swift */; };
		181277FD2A557B2A00E59A3B /* AchievementsCollectionView.swift in Sources */ = {isa = PBXBuildFile; fileRef = 181277FC2A557B2A00E59A3B /* AchievementsCollectionView.swift */; };
		181277FF2A5597A200E59A3B /* SlideMenu.swift in Sources */ = {isa = PBXBuildFile; fileRef = 181277FE2A5597A200E59A3B /* SlideMenu.swift */; };
		1849A43A2A4F59BA00401500 /* ProfileCardView.swift in Sources */ = {isa = PBXBuildFile; fileRef = 1849A4392A4F59BA00401500 /* ProfileCardView.swift */; };
		186AD0B42A485BA700001093 /* UIViewController + Extensions.swift in Sources */ = {isa = PBXBuildFile; fileRef = 186AD0B32A485BA700001093 /* UIViewController + Extensions.swift */; };
		186AD0B62A48689F00001093 /* FirebaseStorageService.swift in Sources */ = {isa = PBXBuildFile; fileRef = 186AD0B52A48689F00001093 /* FirebaseStorageService.swift */; };
		186AD0B82A48AFEA00001093 /* LocalAuthorizationService.swift in Sources */ = {isa = PBXBuildFile; fileRef = 186AD0B72A48AFEA00001093 /* LocalAuthorizationService.swift */; };
		186CE46C2A67229800EC3EB1 /* String + Extensions.swift in Sources */ = {isa = PBXBuildFile; fileRef = 186CE46B2A67229800EC3EB1 /* String + Extensions.swift */; };
		186CE46F2A67249C00EC3EB1 /* Localizable.strings in Resources */ = {isa = PBXBuildFile; fileRef = 186CE4712A67249C00EC3EB1 /* Localizable.strings */; };
		187525D62A4C402A00BBD8E1 /* PhoneVerificationViewController.swift in Sources */ = {isa = PBXBuildFile; fileRef = 187525D52A4C402A00BBD8E1 /* PhoneVerificationViewController.swift */; };
		187525D82A4C554700BBD8E1 /* TermsViewController.swift in Sources */ = {isa = PBXBuildFile; fileRef = 187525D72A4C554700BBD8E1 /* TermsViewController.swift */; };
		187525DB2A4C631C00BBD8E1 /* NewsPostTableViewCell.swift in Sources */ = {isa = PBXBuildFile; fileRef = 187525DA2A4C631C00BBD8E1 /* NewsPostTableViewCell.swift */; };
		18768A882A45D54600720EC3 /* LoginButton.swift in Sources */ = {isa = PBXBuildFile; fileRef = 18768A872A45D54600720EC3 /* LoginButton.swift */; };
		18768A8A2A45D56900720EC3 /* TextFieldWithPadding.swift in Sources */ = {isa = PBXBuildFile; fileRef = 18768A892A45D56900720EC3 /* TextFieldWithPadding.swift */; };
		187A3C682A4B4F9800DFC2C2 /* News.swift in Sources */ = {isa = PBXBuildFile; fileRef = 187A3C672A4B4F9800DFC2C2 /* News.swift */; };
		187A3C6A2A4B4FB900DFC2C2 /* NewsService.swift in Sources */ = {isa = PBXBuildFile; fileRef = 187A3C692A4B4FB900DFC2C2 /* NewsService.swift */; };
		1880D6772A4490E4008DBE6C /* AppDelegate.swift in Sources */ = {isa = PBXBuildFile; fileRef = 1880D6762A4490E4008DBE6C /* AppDelegate.swift */; };
		1880D6792A4490E4008DBE6C /* SceneDelegate.swift in Sources */ = {isa = PBXBuildFile; fileRef = 1880D6782A4490E4008DBE6C /* SceneDelegate.swift */; };
		1880D67B2A4490E4008DBE6C /* HelloViewController.swift in Sources */ = {isa = PBXBuildFile; fileRef = 1880D67A2A4490E4008DBE6C /* HelloViewController.swift */; };
		1880D6802A4490E5008DBE6C /* Assets.xcassets in Resources */ = {isa = PBXBuildFile; fileRef = 1880D67F2A4490E5008DBE6C /* Assets.xcassets */; };
		1880D6832A4490E5008DBE6C /* LaunchScreen.storyboard in Resources */ = {isa = PBXBuildFile; fileRef = 1880D6812A4490E5008DBE6C /* LaunchScreen.storyboard */; };
		1880D6922A449480008DBE6C /* Res.swift in Sources */ = {isa = PBXBuildFile; fileRef = 1880D6912A449480008DBE6C /* Res.swift */; };
		1880D6952A44963F008DBE6C /* AppTabBarController.swift in Sources */ = {isa = PBXBuildFile; fileRef = 1880D6942A44963F008DBE6C /* AppTabBarController.swift */; };
		1880D6972A449688008DBE6C /* Coordinatable.swift in Sources */ = {isa = PBXBuildFile; fileRef = 1880D6962A449688008DBE6C /* Coordinatable.swift */; };
		1880D6992A4496B1008DBE6C /* AppCoordinator.swift in Sources */ = {isa = PBXBuildFile; fileRef = 1880D6982A4496B1008DBE6C /* AppCoordinator.swift */; };
		1880D69B2A44984C008DBE6C /* HomeViewController.swift in Sources */ = {isa = PBXBuildFile; fileRef = 1880D69A2A44984C008DBE6C /* HomeViewController.swift */; };
		1880D69D2A449857008DBE6C /* ProfileViewController.swift in Sources */ = {isa = PBXBuildFile; fileRef = 1880D69C2A449857008DBE6C /* ProfileViewController.swift */; };
		1880D69F2A44987A008DBE6C /* FavoriteViewController.swift in Sources */ = {isa = PBXBuildFile; fileRef = 1880D69E2A44987A008DBE6C /* FavoriteViewController.swift */; };
		1880D6A12A449C58008DBE6C /* HomeCoordinator.swift in Sources */ = {isa = PBXBuildFile; fileRef = 1880D6A02A449C58008DBE6C /* HomeCoordinator.swift */; };
		1880D6A32A449C66008DBE6C /* ProfileCoordinator.swift in Sources */ = {isa = PBXBuildFile; fileRef = 1880D6A22A449C66008DBE6C /* ProfileCoordinator.swift */; };
		1880D6A52A449C70008DBE6C /* FavoriteCoordinator.swift in Sources */ = {isa = PBXBuildFile; fileRef = 1880D6A42A449C70008DBE6C /* FavoriteCoordinator.swift */; };
		1880D6A72A449C7F008DBE6C /* LoginCoordinator.swift in Sources */ = {isa = PBXBuildFile; fileRef = 1880D6A62A449C7F008DBE6C /* LoginCoordinator.swift */; };
		1880D6AB2A44A8E0008DBE6C /* LoginViewModel.swift in Sources */ = {isa = PBXBuildFile; fileRef = 1880D6AA2A44A8E0008DBE6C /* LoginViewModel.swift */; };
		1880D6AD2A44A94B008DBE6C /* ViewModelProtocol.swift in Sources */ = {isa = PBXBuildFile; fileRef = 1880D6AC2A44A94B008DBE6C /* ViewModelProtocol.swift */; };
		1880D6AF2A44F23D008DBE6C /* ProfileViewModel.swift in Sources */ = {isa = PBXBuildFile; fileRef = 1880D6AE2A44F23D008DBE6C /* ProfileViewModel.swift */; };
		1880D6B12A44F897008DBE6C /* HomeViewModel.swift in Sources */ = {isa = PBXBuildFile; fileRef = 1880D6B02A44F897008DBE6C /* HomeViewModel.swift */; };
		1880D6B32A44F8DE008DBE6C /* FavoriteViewModel.swift in Sources */ = {isa = PBXBuildFile; fileRef = 1880D6B22A44F8DE008DBE6C /* FavoriteViewModel.swift */; };
		188320062A51A4DB00E08AF0 /* AchievementsScrollView.swift in Sources */ = {isa = PBXBuildFile; fileRef = 188320052A51A4DB00E08AF0 /* AchievementsScrollView.swift */; };
		188320082A51F31200E08AF0 /* ResultsCoordinator.swift in Sources */ = {isa = PBXBuildFile; fileRef = 188320072A51F31200E08AF0 /* ResultsCoordinator.swift */; };
		1883200B2A51F58200E08AF0 /* ResultsViewModel.swift in Sources */ = {isa = PBXBuildFile; fileRef = 1883200A2A51F58200E08AF0 /* ResultsViewModel.swift */; };
		1883200D2A51F7FD00E08AF0 /* ResultsViewController.swift in Sources */ = {isa = PBXBuildFile; fileRef = 1883200C2A51F7FD00E08AF0 /* ResultsViewController.swift */; };
		1885DB242A615BC500F62765 /* RunmeAppCoreData.xcdatamodeld in Sources */ = {isa = PBXBuildFile; fileRef = 1885DB222A615BC500F62765 /* RunmeAppCoreData.xcdatamodeld */; };
		1885DB262A61659700F62765 /* CoreDataService.swift in Sources */ = {isa = PBXBuildFile; fileRef = 1885DB252A61659700F62765 /* CoreDataService.swift */; };
		189EBF0F2A4DEC8E00716711 /* AvatarCircleImageView.swift in Sources */ = {isa = PBXBuildFile; fileRef = 189EBF0E2A4DEC8E00716711 /* AvatarCircleImageView.swift */; };
		18ACD0B52A4C8503008B7FDB /* HeaderInSectionView.swift in Sources */ = {isa = PBXBuildFile; fileRef = 18ACD0B42A4C8503008B7FDB /* HeaderInSectionView.swift */; };
		18ACD0B72A4C9061008B7FDB /* LabelWithPadding.swift in Sources */ = {isa = PBXBuildFile; fileRef = 18ACD0B62A4C9061008B7FDB /* LabelWithPadding.swift */; };
		18ACD0BB2A4C9BF3008B7FDB /* FriendCardsCollectionView.swift in Sources */ = {isa = PBXBuildFile; fileRef = 18ACD0BA2A4C9BF3008B7FDB /* FriendCardsCollectionView.swift */; };
		18ACD0BD2A4C9C71008B7FDB /* FriendCardCell.swift in Sources */ = {isa = PBXBuildFile; fileRef = 18ACD0BC2A4C9C71008B7FDB /* FriendCardCell.swift */; };
		18B6C0FD2A541AD8000E1975 /* ContainerViewController.swift in Sources */ = {isa = PBXBuildFile; fileRef = 18B6C0FC2A541AD8000E1975 /* ContainerViewController.swift */; };
		18C5AB6B2A55E843004E83CE /* RegistrationView.swift in Sources */ = {isa = PBXBuildFile; fileRef = 18C5AB6A2A55E843004E83CE /* RegistrationView.swift */; };
		18C5AB6E2A55F985004E83CE /* SettingsViewController.swift in Sources */ = {isa = PBXBuildFile; fileRef = 18C5AB6D2A55F985004E83CE /* SettingsViewController.swift */; };
		18DC3BEC2A46F9D000438728 /* Runner.swift in Sources */ = {isa = PBXBuildFile; fileRef = 18DC3BEB2A46F9D000438728 /* Runner.swift */; };
		18DC3BEE2A46FEEA00438728 /* RunnerPost.swift in Sources */ = {isa = PBXBuildFile; fileRef = 18DC3BED2A46FEEA00438728 /* RunnerPost.swift */; };
		18DC3BF72A474B7000438728 /* RegistrationViewController.swift in Sources */ = {isa = PBXBuildFile; fileRef = 18DC3BF62A474B7000438728 /* RegistrationViewController.swift */; };
		18DC3BF92A474C4500438728 /* UILabel + Extensions.swift in Sources */ = {isa = PBXBuildFile; fileRef = 18DC3BF82A474C4500438728 /* UILabel + Extensions.swift */; };
		18FE16E42A520BBE00145305 /* DistanceLabel.swift in Sources */ = {isa = PBXBuildFile; fileRef = 18FE16E32A520BBE00145305 /* DistanceLabel.swift */; };
		18FE16E62A52D06200145305 /* RunnerPostTableViewCell.swift in Sources */ = {isa = PBXBuildFile; fileRef = 18FE16E52A52D06200145305 /* RunnerPostTableViewCell.swift */; };
		18FE16E82A53395800145305 /* UIView + Extensions.swift in Sources */ = {isa = PBXBuildFile; fileRef = 18FE16E72A53395800145305 /* UIView + Extensions.swift */; };
		18FE16EA2A53679500145305 /* SlideMenuViewController.swift in Sources */ = {isa = PBXBuildFile; fileRef = 18FE16E92A53679500145305 /* SlideMenuViewController.swift */; };
/* End PBXBuildFile section */

/* Begin PBXFileReference section */
		18020EF62A461F1F00D615D7 /* GoogleService-Info.plist */ = {isa = PBXFileReference; fileEncoding = 4; lastKnownFileType = text.plist.xml; path = "GoogleService-Info.plist"; sourceTree = "<group>"; };
		18020F022A462D1E00D615D7 /* AuthManager.swift */ = {isa = PBXFileReference; lastKnownFileType = sourcecode.swift; path = AuthManager.swift; sourceTree = "<group>"; };
		180AC2FA2A47669E000FD11F /* RegistrationTextField.swift */ = {isa = PBXFileReference; lastKnownFileType = sourcecode.swift; path = RegistrationTextField.swift; sourceTree = "<group>"; };
		180AC2FC2A47856D000FD11F /* DatabaseService.swift */ = {isa = PBXFileReference; lastKnownFileType = sourcecode.swift; path = DatabaseService.swift; sourceTree = "<group>"; };
		181277FC2A557B2A00E59A3B /* AchievementsCollectionView.swift */ = {isa = PBXFileReference; lastKnownFileType = sourcecode.swift; path = AchievementsCollectionView.swift; sourceTree = "<group>"; };
		181277FE2A5597A200E59A3B /* SlideMenu.swift */ = {isa = PBXFileReference; lastKnownFileType = sourcecode.swift; path = SlideMenu.swift; sourceTree = "<group>"; };
		1849A4392A4F59BA00401500 /* ProfileCardView.swift */ = {isa = PBXFileReference; lastKnownFileType = sourcecode.swift; path = ProfileCardView.swift; sourceTree = "<group>"; };
		186AD0B32A485BA700001093 /* UIViewController + Extensions.swift */ = {isa = PBXFileReference; lastKnownFileType = sourcecode.swift; path = "UIViewController + Extensions.swift"; sourceTree = "<group>"; };
		186AD0B52A48689F00001093 /* FirebaseStorageService.swift */ = {isa = PBXFileReference; lastKnownFileType = sourcecode.swift; path = FirebaseStorageService.swift; sourceTree = "<group>"; };
		186AD0B72A48AFEA00001093 /* LocalAuthorizationService.swift */ = {isa = PBXFileReference; lastKnownFileType = sourcecode.swift; path = LocalAuthorizationService.swift; sourceTree = "<group>"; };
		186CE46B2A67229800EC3EB1 /* String + Extensions.swift */ = {isa = PBXFileReference; lastKnownFileType = sourcecode.swift; path = "String + Extensions.swift"; sourceTree = "<group>"; };
		186CE4702A67249C00EC3EB1 /* ru */ = {isa = PBXFileReference; lastKnownFileType = text.plist.strings; name = ru; path = ru.lproj/Localizable.strings; sourceTree = "<group>"; };
		186CE4722A6724A600EC3EB1 /* en */ = {isa = PBXFileReference; lastKnownFileType = text.plist.strings; name = en; path = en.lproj/Localizable.strings; sourceTree = "<group>"; };
		187525D52A4C402A00BBD8E1 /* PhoneVerificationViewController.swift */ = {isa = PBXFileReference; lastKnownFileType = sourcecode.swift; path = PhoneVerificationViewController.swift; sourceTree = "<group>"; };
		187525D72A4C554700BBD8E1 /* TermsViewController.swift */ = {isa = PBXFileReference; lastKnownFileType = sourcecode.swift; path = TermsViewController.swift; sourceTree = "<group>"; };
		187525DA2A4C631C00BBD8E1 /* NewsPostTableViewCell.swift */ = {isa = PBXFileReference; lastKnownFileType = sourcecode.swift; path = NewsPostTableViewCell.swift; sourceTree = "<group>"; };
		18768A872A45D54600720EC3 /* LoginButton.swift */ = {isa = PBXFileReference; lastKnownFileType = sourcecode.swift; path = LoginButton.swift; sourceTree = "<group>"; };
		18768A892A45D56900720EC3 /* TextFieldWithPadding.swift */ = {isa = PBXFileReference; lastKnownFileType = sourcecode.swift; path = TextFieldWithPadding.swift; sourceTree = "<group>"; };
		187A3C672A4B4F9800DFC2C2 /* News.swift */ = {isa = PBXFileReference; lastKnownFileType = sourcecode.swift; path = News.swift; sourceTree = "<group>"; };
		187A3C692A4B4FB900DFC2C2 /* NewsService.swift */ = {isa = PBXFileReference; lastKnownFileType = sourcecode.swift; path = NewsService.swift; sourceTree = "<group>"; };
		187A3C6B2A4B62FC00DFC2C2 /* ru */ = {isa = PBXFileReference; lastKnownFileType = text.plist.strings; name = ru; path = ru.lproj/LaunchScreen.strings; sourceTree = "<group>"; };
		1880D6732A4490E4008DBE6C /* RunmeApp.app */ = {isa = PBXFileReference; explicitFileType = wrapper.application; includeInIndex = 0; path = RunmeApp.app; sourceTree = BUILT_PRODUCTS_DIR; };
		1880D6762A4490E4008DBE6C /* AppDelegate.swift */ = {isa = PBXFileReference; lastKnownFileType = sourcecode.swift; path = AppDelegate.swift; sourceTree = "<group>"; };
		1880D6782A4490E4008DBE6C /* SceneDelegate.swift */ = {isa = PBXFileReference; lastKnownFileType = sourcecode.swift; path = SceneDelegate.swift; sourceTree = "<group>"; };
		1880D67A2A4490E4008DBE6C /* HelloViewController.swift */ = {isa = PBXFileReference; lastKnownFileType = sourcecode.swift; path = HelloViewController.swift; sourceTree = "<group>"; };
		1880D67F2A4490E5008DBE6C /* Assets.xcassets */ = {isa = PBXFileReference; lastKnownFileType = folder.assetcatalog; path = Assets.xcassets; sourceTree = "<group>"; };
		1880D6822A4490E5008DBE6C /* Base */ = {isa = PBXFileReference; lastKnownFileType = file.storyboard; name = Base; path = Base.lproj/LaunchScreen.storyboard; sourceTree = "<group>"; };
		1880D6842A4490E5008DBE6C /* Info.plist */ = {isa = PBXFileReference; lastKnownFileType = text.plist.xml; path = Info.plist; sourceTree = "<group>"; };
		1880D6912A449480008DBE6C /* Res.swift */ = {isa = PBXFileReference; lastKnownFileType = sourcecode.swift; path = Res.swift; sourceTree = "<group>"; };
		1880D6942A44963F008DBE6C /* AppTabBarController.swift */ = {isa = PBXFileReference; lastKnownFileType = sourcecode.swift; path = AppTabBarController.swift; sourceTree = "<group>"; };
		1880D6962A449688008DBE6C /* Coordinatable.swift */ = {isa = PBXFileReference; lastKnownFileType = sourcecode.swift; path = Coordinatable.swift; sourceTree = "<group>"; };
		1880D6982A4496B1008DBE6C /* AppCoordinator.swift */ = {isa = PBXFileReference; lastKnownFileType = sourcecode.swift; path = AppCoordinator.swift; sourceTree = "<group>"; };
		1880D69A2A44984C008DBE6C /* HomeViewController.swift */ = {isa = PBXFileReference; lastKnownFileType = sourcecode.swift; path = HomeViewController.swift; sourceTree = "<group>"; };
		1880D69C2A449857008DBE6C /* ProfileViewController.swift */ = {isa = PBXFileReference; lastKnownFileType = sourcecode.swift; path = ProfileViewController.swift; sourceTree = "<group>"; };
		1880D69E2A44987A008DBE6C /* FavoriteViewController.swift */ = {isa = PBXFileReference; lastKnownFileType = sourcecode.swift; path = FavoriteViewController.swift; sourceTree = "<group>"; };
		1880D6A02A449C58008DBE6C /* HomeCoordinator.swift */ = {isa = PBXFileReference; lastKnownFileType = sourcecode.swift; path = HomeCoordinator.swift; sourceTree = "<group>"; };
		1880D6A22A449C66008DBE6C /* ProfileCoordinator.swift */ = {isa = PBXFileReference; lastKnownFileType = sourcecode.swift; path = ProfileCoordinator.swift; sourceTree = "<group>"; };
		1880D6A42A449C70008DBE6C /* FavoriteCoordinator.swift */ = {isa = PBXFileReference; lastKnownFileType = sourcecode.swift; path = FavoriteCoordinator.swift; sourceTree = "<group>"; };
		1880D6A62A449C7F008DBE6C /* LoginCoordinator.swift */ = {isa = PBXFileReference; lastKnownFileType = sourcecode.swift; path = LoginCoordinator.swift; sourceTree = "<group>"; };
		1880D6AA2A44A8E0008DBE6C /* LoginViewModel.swift */ = {isa = PBXFileReference; lastKnownFileType = sourcecode.swift; path = LoginViewModel.swift; sourceTree = "<group>"; };
		1880D6AC2A44A94B008DBE6C /* ViewModelProtocol.swift */ = {isa = PBXFileReference; lastKnownFileType = sourcecode.swift; path = ViewModelProtocol.swift; sourceTree = "<group>"; };
		1880D6AE2A44F23D008DBE6C /* ProfileViewModel.swift */ = {isa = PBXFileReference; lastKnownFileType = sourcecode.swift; path = ProfileViewModel.swift; sourceTree = "<group>"; };
		1880D6B02A44F897008DBE6C /* HomeViewModel.swift */ = {isa = PBXFileReference; lastKnownFileType = sourcecode.swift; path = HomeViewModel.swift; sourceTree = "<group>"; };
		1880D6B22A44F8DE008DBE6C /* FavoriteViewModel.swift */ = {isa = PBXFileReference; lastKnownFileType = sourcecode.swift; path = FavoriteViewModel.swift; sourceTree = "<group>"; };
		188320052A51A4DB00E08AF0 /* AchievementsScrollView.swift */ = {isa = PBXFileReference; lastKnownFileType = sourcecode.swift; path = AchievementsScrollView.swift; sourceTree = "<group>"; };
		188320072A51F31200E08AF0 /* ResultsCoordinator.swift */ = {isa = PBXFileReference; lastKnownFileType = sourcecode.swift; path = ResultsCoordinator.swift; sourceTree = "<group>"; };
		1883200A2A51F58200E08AF0 /* ResultsViewModel.swift */ = {isa = PBXFileReference; lastKnownFileType = sourcecode.swift; path = ResultsViewModel.swift; sourceTree = "<group>"; };
		1883200C2A51F7FD00E08AF0 /* ResultsViewController.swift */ = {isa = PBXFileReference; lastKnownFileType = sourcecode.swift; path = ResultsViewController.swift; sourceTree = "<group>"; };
		1885DB232A615BC500F62765 /* RunmeAppCoreData.xcdatamodel */ = {isa = PBXFileReference; lastKnownFileType = wrapper.xcdatamodel; path = RunmeAppCoreData.xcdatamodel; sourceTree = "<group>"; };
		1885DB252A61659700F62765 /* CoreDataService.swift */ = {isa = PBXFileReference; lastKnownFileType = sourcecode.swift; path = CoreDataService.swift; sourceTree = "<group>"; };
		189EBF0E2A4DEC8E00716711 /* AvatarCircleImageView.swift */ = {isa = PBXFileReference; lastKnownFileType = sourcecode.swift; path = AvatarCircleImageView.swift; sourceTree = "<group>"; };
		18ACD0B42A4C8503008B7FDB /* HeaderInSectionView.swift */ = {isa = PBXFileReference; lastKnownFileType = sourcecode.swift; path = HeaderInSectionView.swift; sourceTree = "<group>"; };
		18ACD0B62A4C9061008B7FDB /* LabelWithPadding.swift */ = {isa = PBXFileReference; lastKnownFileType = sourcecode.swift; path = LabelWithPadding.swift; sourceTree = "<group>"; };
		18ACD0BA2A4C9BF3008B7FDB /* FriendCardsCollectionView.swift */ = {isa = PBXFileReference; lastKnownFileType = sourcecode.swift; path = FriendCardsCollectionView.swift; sourceTree = "<group>"; };
		18ACD0BC2A4C9C71008B7FDB /* FriendCardCell.swift */ = {isa = PBXFileReference; lastKnownFileType = sourcecode.swift; path = FriendCardCell.swift; sourceTree = "<group>"; };
		18B6C0FC2A541AD8000E1975 /* ContainerViewController.swift */ = {isa = PBXFileReference; lastKnownFileType = sourcecode.swift; path = ContainerViewController.swift; sourceTree = "<group>"; };
		18C5AB6A2A55E843004E83CE /* RegistrationView.swift */ = {isa = PBXFileReference; lastKnownFileType = sourcecode.swift; path = RegistrationView.swift; sourceTree = "<group>"; };
		18C5AB6D2A55F985004E83CE /* SettingsViewController.swift */ = {isa = PBXFileReference; lastKnownFileType = sourcecode.swift; path = SettingsViewController.swift; sourceTree = "<group>"; };
		18DC3BEB2A46F9D000438728 /* Runner.swift */ = {isa = PBXFileReference; lastKnownFileType = sourcecode.swift; path = Runner.swift; sourceTree = "<group>"; };
		18DC3BED2A46FEEA00438728 /* RunnerPost.swift */ = {isa = PBXFileReference; lastKnownFileType = sourcecode.swift; path = RunnerPost.swift; sourceTree = "<group>"; };
		18DC3BF62A474B7000438728 /* RegistrationViewController.swift */ = {isa = PBXFileReference; lastKnownFileType = sourcecode.swift; path = RegistrationViewController.swift; sourceTree = "<group>"; };
		18DC3BF82A474C4500438728 /* UILabel + Extensions.swift */ = {isa = PBXFileReference; lastKnownFileType = sourcecode.swift; path = "UILabel + Extensions.swift"; sourceTree = "<group>"; };
		18FE16E32A520BBE00145305 /* DistanceLabel.swift */ = {isa = PBXFileReference; lastKnownFileType = sourcecode.swift; path = DistanceLabel.swift; sourceTree = "<group>"; };
		18FE16E52A52D06200145305 /* RunnerPostTableViewCell.swift */ = {isa = PBXFileReference; lastKnownFileType = sourcecode.swift; path = RunnerPostTableViewCell.swift; sourceTree = "<group>"; };
		18FE16E72A53395800145305 /* UIView + Extensions.swift */ = {isa = PBXFileReference; lastKnownFileType = sourcecode.swift; path = "UIView + Extensions.swift"; sourceTree = "<group>"; };
		18FE16E92A53679500145305 /* SlideMenuViewController.swift */ = {isa = PBXFileReference; lastKnownFileType = sourcecode.swift; path = SlideMenuViewController.swift; sourceTree = "<group>"; };
/* End PBXFileReference section */

/* Begin PBXFrameworksBuildPhase section */
		1880D6702A4490E4008DBE6C /* Frameworks */ = {
			isa = PBXFrameworksBuildPhase;
			buildActionMask = 2147483647;
			files = (
				18020EFC2A46211F00D615D7 /* FirebaseDatabase in Frameworks */,
				18020F002A46211F00D615D7 /* FirebaseStorage in Frameworks */,
				18020EFA2A46211F00D615D7 /* FirebaseAuth in Frameworks */,
				18020EFE2A46211F00D615D7 /* FirebaseFirestore in Frameworks */,
			);
			runOnlyForDeploymentPostprocessing = 0;
		};
/* End PBXFrameworksBuildPhase section */

/* Begin PBXGroup section */
		18020F012A462D0900D615D7 /* Services */ = {
			isa = PBXGroup;
			children = (
				186AD0B72A48AFEA00001093 /* LocalAuthorizationService.swift */,
				18020F022A462D1E00D615D7 /* AuthManager.swift */,
				180AC2FC2A47856D000FD11F /* DatabaseService.swift */,
				186AD0B52A48689F00001093 /* FirebaseStorageService.swift */,
				187A3C692A4B4FB900DFC2C2 /* NewsService.swift */,
				1885DB252A61659700F62765 /* CoreDataService.swift */,
			);
			path = Services;
			sourceTree = "<group>";
		};
		1849A4382A4F597D00401500 /* Profile */ = {
			isa = PBXGroup;
			children = (
				1880D6AE2A44F23D008DBE6C /* ProfileViewModel.swift */,
				18B6C0FC2A541AD8000E1975 /* ContainerViewController.swift */,
				18C5AB6C2A55F965004E83CE /* Menu */,
				1880D69C2A449857008DBE6C /* ProfileViewController.swift */,
				1849A4392A4F59BA00401500 /* ProfileCardView.swift */,
			);
			path = Profile;
			sourceTree = "<group>";
		};
		187525D92A4C62F300BBD8E1 /* TableUI */ = {
			isa = PBXGroup;
			children = (
				18FE16E52A52D06200145305 /* RunnerPostTableViewCell.swift */,
				187525DA2A4C631C00BBD8E1 /* NewsPostTableViewCell.swift */,
				18ACD0B42A4C8503008B7FDB /* HeaderInSectionView.swift */,
				18ACD0BA2A4C9BF3008B7FDB /* FriendCardsCollectionView.swift */,
				18ACD0BC2A4C9C71008B7FDB /* FriendCardCell.swift */,
			);
			path = TableUI;
			sourceTree = "<group>";
		};
		18768A862A45D53000720EC3 /* CustomUI */ = {
			isa = PBXGroup;
			children = (
				18768A872A45D54600720EC3 /* LoginButton.swift */,
				18768A892A45D56900720EC3 /* TextFieldWithPadding.swift */,
				18ACD0B62A4C9061008B7FDB /* LabelWithPadding.swift */,
				180AC2FA2A47669E000FD11F /* RegistrationTextField.swift */,
				18FE16E32A520BBE00145305 /* DistanceLabel.swift */,
				189EBF0E2A4DEC8E00716711 /* AvatarCircleImageView.swift */,
				188320052A51A4DB00E08AF0 /* AchievementsScrollView.swift */,
				181277FC2A557B2A00E59A3B /* AchievementsCollectionView.swift */,
			);
			path = CustomUI;
			sourceTree = "<group>";
		};
		1880D66A2A4490E4008DBE6C = {
			isa = PBXGroup;
			children = (
				1880D6752A4490E4008DBE6C /* RunmeApp */,
				1880D6742A4490E4008DBE6C /* Products */,
			);
			sourceTree = "<group>";
		};
		1880D6742A4490E4008DBE6C /* Products */ = {
			isa = PBXGroup;
			children = (
				1880D6732A4490E4008DBE6C /* RunmeApp.app */,
			);
			name = Products;
			sourceTree = "<group>";
		};
		1880D6752A4490E4008DBE6C /* RunmeApp */ = {
			isa = PBXGroup;
			children = (
				1880D68A2A449373008DBE6C /* App */,
				1880D68C2A44938D008DBE6C /* Resources */,
				18DC3BF42A473E4C00438728 /* Base */,
				1880D68E2A4493B2008DBE6C /* Models */,
				1880D68B2A449380008DBE6C /* Coordinators */,
				1880D6932A4495FB008DBE6C /* TabBar */,
				18DC3BF12A473DD100438728 /* Modules */,
				18020F012A462D0900D615D7 /* Services */,
				18768A862A45D53000720EC3 /* CustomUI */,
				1880D68D2A449399008DBE6C /* Extensions */,
			);
			path = RunmeApp;
			sourceTree = "<group>";
		};
		1880D68A2A449373008DBE6C /* App */ = {
			isa = PBXGroup;
			children = (
				1880D6762A4490E4008DBE6C /* AppDelegate.swift */,
				1880D6782A4490E4008DBE6C /* SceneDelegate.swift */,
				1885DB222A615BC500F62765 /* RunmeAppCoreData.xcdatamodeld */,
				1880D6842A4490E5008DBE6C /* Info.plist */,
				18020EF62A461F1F00D615D7 /* GoogleService-Info.plist */,
				1880D6812A4490E5008DBE6C /* LaunchScreen.storyboard */,
			);
			path = App;
			sourceTree = "<group>";
		};
		1880D68B2A449380008DBE6C /* Coordinators */ = {
			isa = PBXGroup;
			children = (
				1880D6982A4496B1008DBE6C /* AppCoordinator.swift */,
				1880D6A62A449C7F008DBE6C /* LoginCoordinator.swift */,
				1880D6A02A449C58008DBE6C /* HomeCoordinator.swift */,
				1880D6A22A449C66008DBE6C /* ProfileCoordinator.swift */,
				1880D6A42A449C70008DBE6C /* FavoriteCoordinator.swift */,
				188320072A51F31200E08AF0 /* ResultsCoordinator.swift */,
			);
			path = Coordinators;
			sourceTree = "<group>";
		};
		1880D68C2A44938D008DBE6C /* Resources */ = {
			isa = PBXGroup;
			children = (
				1880D6912A449480008DBE6C /* Res.swift */,
				1880D67F2A4490E5008DBE6C /* Assets.xcassets */,
				186CE4712A67249C00EC3EB1 /* Localizable.strings */,
			);
			path = Resources;
			sourceTree = "<group>";
		};
		1880D68D2A449399008DBE6C /* Extensions */ = {
			isa = PBXGroup;
			children = (
				18DC3BF82A474C4500438728 /* UILabel + Extensions.swift */,
				186AD0B32A485BA700001093 /* UIViewController + Extensions.swift */,
				18FE16E72A53395800145305 /* UIView + Extensions.swift */,
				186CE46B2A67229800EC3EB1 /* String + Extensions.swift */,
			);
			path = Extensions;
			sourceTree = "<group>";
		};
		1880D68E2A4493B2008DBE6C /* Models */ = {
			isa = PBXGroup;
			children = (
				18DC3BEB2A46F9D000438728 /* Runner.swift */,
				18DC3BED2A46FEEA00438728 /* RunnerPost.swift */,
				187A3C672A4B4F9800DFC2C2 /* News.swift */,
				181277FE2A5597A200E59A3B /* SlideMenu.swift */,
			);
			path = Models;
			sourceTree = "<group>";
		};
		1880D6932A4495FB008DBE6C /* TabBar */ = {
			isa = PBXGroup;
			children = (
				1880D6942A44963F008DBE6C /* AppTabBarController.swift */,
			);
			path = TabBar;
			sourceTree = "<group>";
		};
		188320042A5169D400E08AF0 /* Favorite */ = {
			isa = PBXGroup;
			children = (
				1880D6B22A44F8DE008DBE6C /* FavoriteViewModel.swift */,
				1880D69E2A44987A008DBE6C /* FavoriteViewController.swift */,
			);
			path = Favorite;
			sourceTree = "<group>";
		};
		188320092A51F54300E08AF0 /* Results */ = {
			isa = PBXGroup;
			children = (
				1883200A2A51F58200E08AF0 /* ResultsViewModel.swift */,
				1883200C2A51F7FD00E08AF0 /* ResultsViewController.swift */,
			);
			path = Results;
			sourceTree = "<group>";
		};
		18C5AB6C2A55F965004E83CE /* Menu */ = {
			isa = PBXGroup;
			children = (
				18FE16E92A53679500145305 /* SlideMenuViewController.swift */,
				18C5AB6D2A55F985004E83CE /* SettingsViewController.swift */,
			);
			path = Menu;
			sourceTree = "<group>";
		};
		18DC3BF12A473DD100438728 /* Modules */ = {
			isa = PBXGroup;
			children = (
				18DC3BF22A473DE800438728 /* Auth */,
				18DC3BF32A473E0000438728 /* Main */,
			);
			path = Modules;
			sourceTree = "<group>";
		};
		18DC3BF22A473DE800438728 /* Auth */ = {
			isa = PBXGroup;
			children = (
				1880D6AA2A44A8E0008DBE6C /* LoginViewModel.swift */,
				1880D67A2A4490E4008DBE6C /* HelloViewController.swift */,
				187525D52A4C402A00BBD8E1 /* PhoneVerificationViewController.swift */,
				18DC3BF62A474B7000438728 /* RegistrationViewController.swift */,
				18C5AB6A2A55E843004E83CE /* RegistrationView.swift */,
				187525D72A4C554700BBD8E1 /* TermsViewController.swift */,
			);
			path = Auth;
			sourceTree = "<group>";
		};
		18DC3BF32A473E0000438728 /* Main */ = {
			isa = PBXGroup;
			children = (
				18DC3BF52A473EA500438728 /* Home */,
				1849A4382A4F597D00401500 /* Profile */,
				188320042A5169D400E08AF0 /* Favorite */,
				188320092A51F54300E08AF0 /* Results */,
			);
			path = Main;
			sourceTree = "<group>";
		};
		18DC3BF42A473E4C00438728 /* Base */ = {
			isa = PBXGroup;
			children = (
				1880D6962A449688008DBE6C /* Coordinatable.swift */,
				1880D6AC2A44A94B008DBE6C /* ViewModelProtocol.swift */,
			);
			path = Base;
			sourceTree = "<group>";
		};
		18DC3BF52A473EA500438728 /* Home */ = {
			isa = PBXGroup;
			children = (
				187525D92A4C62F300BBD8E1 /* TableUI */,
				1880D6B02A44F897008DBE6C /* HomeViewModel.swift */,
				1880D69A2A44984C008DBE6C /* HomeViewController.swift */,
			);
			path = Home;
			sourceTree = "<group>";
		};
/* End PBXGroup section */

/* Begin PBXNativeTarget section */
		1880D6722A4490E4008DBE6C /* RunmeApp */ = {
			isa = PBXNativeTarget;
			buildConfigurationList = 1880D6872A4490E5008DBE6C /* Build configuration list for PBXNativeTarget "RunmeApp" */;
			buildPhases = (
				1880D66F2A4490E4008DBE6C /* Sources */,
				1880D6702A4490E4008DBE6C /* Frameworks */,
				1880D6712A4490E4008DBE6C /* Resources */,
			);
			buildRules = (
			);
			dependencies = (
			);
			name = RunmeApp;
			packageProductDependencies = (
				18020EF92A46211F00D615D7 /* FirebaseAuth */,
				18020EFB2A46211F00D615D7 /* FirebaseDatabase */,
				18020EFD2A46211F00D615D7 /* FirebaseFirestore */,
				18020EFF2A46211F00D615D7 /* FirebaseStorage */,
			);
			productName = RunmeApp;
			productReference = 1880D6732A4490E4008DBE6C /* RunmeApp.app */;
			productType = "com.apple.product-type.application";
		};
/* End PBXNativeTarget section */

/* Begin PBXProject section */
		1880D66B2A4490E4008DBE6C /* Project object */ = {
			isa = PBXProject;
			attributes = {
				BuildIndependentTargetsInParallel = 1;
				LastSwiftUpdateCheck = 1430;
				LastUpgradeCheck = 1430;
				TargetAttributes = {
					1880D6722A4490E4008DBE6C = {
						CreatedOnToolsVersion = 14.3.1;
					};
				};
			};
			buildConfigurationList = 1880D66E2A4490E4008DBE6C /* Build configuration list for PBXProject "RunmeApp" */;
			compatibilityVersion = "Xcode 14.0";
			developmentRegion = ru;
			hasScannedForEncodings = 0;
			knownRegions = (
				en,
				Base,
				ru,
			);
			mainGroup = 1880D66A2A4490E4008DBE6C;
			packageReferences = (
				18020EF82A46211F00D615D7 /* XCRemoteSwiftPackageReference "firebase-ios-sdk" */,
			);
			productRefGroup = 1880D6742A4490E4008DBE6C /* Products */;
			projectDirPath = "";
			projectRoot = "";
			targets = (
				1880D6722A4490E4008DBE6C /* RunmeApp */,
			);
		};
/* End PBXProject section */

/* Begin PBXResourcesBuildPhase section */
		1880D6712A4490E4008DBE6C /* Resources */ = {
			isa = PBXResourcesBuildPhase;
			buildActionMask = 2147483647;
			files = (
				1880D6832A4490E5008DBE6C /* LaunchScreen.storyboard in Resources */,
				186CE46F2A67249C00EC3EB1 /* Localizable.strings in Resources */,
				1880D6802A4490E5008DBE6C /* Assets.xcassets in Resources */,
				18020EF72A461F1F00D615D7 /* GoogleService-Info.plist in Resources */,
			);
			runOnlyForDeploymentPostprocessing = 0;
		};
/* End PBXResourcesBuildPhase section */

/* Begin PBXSourcesBuildPhase section */
		1880D66F2A4490E4008DBE6C /* Sources */ = {
			isa = PBXSourcesBuildPhase;
			buildActionMask = 2147483647;
			files = (
				18DC3BEC2A46F9D000438728 /* Runner.swift in Sources */,
				186AD0B62A48689F00001093 /* FirebaseStorageService.swift in Sources */,
				1885DB262A61659700F62765 /* CoreDataService.swift in Sources */,
				1880D6B12A44F897008DBE6C /* HomeViewModel.swift in Sources */,
				1883200D2A51F7FD00E08AF0 /* ResultsViewController.swift in Sources */,
				18020F032A462D1E00D615D7 /* AuthManager.swift in Sources */,
				1880D67B2A4490E4008DBE6C /* HelloViewController.swift in Sources */,
				1880D6772A4490E4008DBE6C /* AppDelegate.swift in Sources */,
				18FE16E82A53395800145305 /* UIView + Extensions.swift in Sources */,
				18ACD0BB2A4C9BF3008B7FDB /* FriendCardsCollectionView.swift in Sources */,
				1880D6A72A449C7F008DBE6C /* LoginCoordinator.swift in Sources */,
				1880D6922A449480008DBE6C /* Res.swift in Sources */,
				186AD0B82A48AFEA00001093 /* LocalAuthorizationService.swift in Sources */,
				1880D6AB2A44A8E0008DBE6C /* LoginViewModel.swift in Sources */,
				187A3C682A4B4F9800DFC2C2 /* News.swift in Sources */,
				181277FD2A557B2A00E59A3B /* AchievementsCollectionView.swift in Sources */,
				189EBF0F2A4DEC8E00716711 /* AvatarCircleImageView.swift in Sources */,
				188320082A51F31200E08AF0 /* ResultsCoordinator.swift in Sources */,
				1883200B2A51F58200E08AF0 /* ResultsViewModel.swift in Sources */,
				187525DB2A4C631C00BBD8E1 /* NewsPostTableViewCell.swift in Sources */,
				18FE16E62A52D06200145305 /* RunnerPostTableViewCell.swift in Sources */,
				18C5AB6E2A55F985004E83CE /* SettingsViewController.swift in Sources */,
				187525D82A4C554700BBD8E1 /* TermsViewController.swift in Sources */,
				18768A8A2A45D56900720EC3 /* TextFieldWithPadding.swift in Sources */,
				1880D69B2A44984C008DBE6C /* HomeViewController.swift in Sources */,
				1880D6A32A449C66008DBE6C /* ProfileCoordinator.swift in Sources */,
				1880D69F2A44987A008DBE6C /* FavoriteViewController.swift in Sources */,
				188320062A51A4DB00E08AF0 /* AchievementsScrollView.swift in Sources */,
				1880D6952A44963F008DBE6C /* AppTabBarController.swift in Sources */,
				1880D6792A4490E4008DBE6C /* SceneDelegate.swift in Sources */,
				1880D69D2A449857008DBE6C /* ProfileViewController.swift in Sources */,
				1880D6AF2A44F23D008DBE6C /* ProfileViewModel.swift in Sources */,
				1880D6972A449688008DBE6C /* Coordinatable.swift in Sources */,
				18ACD0B72A4C9061008B7FDB /* LabelWithPadding.swift in Sources */,
				18B6C0FD2A541AD8000E1975 /* ContainerViewController.swift in Sources */,
				187A3C6A2A4B4FB900DFC2C2 /* NewsService.swift in Sources */,
				180AC2FD2A47856D000FD11F /* DatabaseService.swift in Sources */,
				18DC3BF92A474C4500438728 /* UILabel + Extensions.swift in Sources */,
				18ACD0B52A4C8503008B7FDB /* HeaderInSectionView.swift in Sources */,
				18FE16EA2A53679500145305 /* SlideMenuViewController.swift in Sources */,
				180AC2FB2A47669E000FD11F /* RegistrationTextField.swift in Sources */,
				18FE16E42A520BBE00145305 /* DistanceLabel.swift in Sources */,
				18ACD0BD2A4C9C71008B7FDB /* FriendCardCell.swift in Sources */,
				186AD0B42A485BA700001093 /* UIViewController + Extensions.swift in Sources */,
				1880D6992A4496B1008DBE6C /* AppCoordinator.swift in Sources */,
				1885DB242A615BC500F62765 /* RunmeAppCoreData.xcdatamodeld in Sources */,
				18768A882A45D54600720EC3 /* LoginButton.swift in Sources */,
				1880D6A12A449C58008DBE6C /* HomeCoordinator.swift in Sources */,
				181277FF2A5597A200E59A3B /* SlideMenu.swift in Sources */,
				1880D6AD2A44A94B008DBE6C /* ViewModelProtocol.swift in Sources */,
				18DC3BEE2A46FEEA00438728 /* RunnerPost.swift in Sources */,
				18C5AB6B2A55E843004E83CE /* RegistrationView.swift in Sources */,
				1849A43A2A4F59BA00401500 /* ProfileCardView.swift in Sources */,
				1880D6B32A44F8DE008DBE6C /* FavoriteViewModel.swift in Sources */,
				1880D6A52A449C70008DBE6C /* FavoriteCoordinator.swift in Sources */,
				187525D62A4C402A00BBD8E1 /* PhoneVerificationViewController.swift in Sources */,
				186CE46C2A67229800EC3EB1 /* String + Extensions.swift in Sources */,
				18DC3BF72A474B7000438728 /* RegistrationViewController.swift in Sources */,
			);
			runOnlyForDeploymentPostprocessing = 0;
		};
/* End PBXSourcesBuildPhase section */

/* Begin PBXVariantGroup section */
		186CE4712A67249C00EC3EB1 /* Localizable.strings */ = {
			isa = PBXVariantGroup;
			children = (
				186CE4702A67249C00EC3EB1 /* ru */,
				186CE4722A6724A600EC3EB1 /* en */,
			);
			name = Localizable.strings;
			sourceTree = "<group>";
		};
		1880D6812A4490E5008DBE6C /* LaunchScreen.storyboard */ = {
			isa = PBXVariantGroup;
			children = (
				1880D6822A4490E5008DBE6C /* Base */,
				187A3C6B2A4B62FC00DFC2C2 /* ru */,
			);
			name = LaunchScreen.storyboard;
			sourceTree = "<group>";
		};
/* End PBXVariantGroup section */

/* Begin XCBuildConfiguration section */
		1880D6852A4490E5008DBE6C /* Debug */ = {
			isa = XCBuildConfiguration;
			buildSettings = {
				ALWAYS_SEARCH_USER_PATHS = NO;
				CLANG_ANALYZER_LOCALIZABILITY_NONLOCALIZED = YES;
				CLANG_ANALYZER_NONNULL = YES;
				CLANG_ANALYZER_NUMBER_OBJECT_CONVERSION = YES_AGGRESSIVE;
				CLANG_CXX_LANGUAGE_STANDARD = "gnu++20";
				CLANG_ENABLE_MODULES = YES;
				CLANG_ENABLE_OBJC_ARC = YES;
				CLANG_ENABLE_OBJC_WEAK = YES;
				CLANG_WARN_BLOCK_CAPTURE_AUTORELEASING = YES;
				CLANG_WARN_BOOL_CONVERSION = YES;
				CLANG_WARN_COMMA = YES;
				CLANG_WARN_CONSTANT_CONVERSION = YES;
				CLANG_WARN_DEPRECATED_OBJC_IMPLEMENTATIONS = YES;
				CLANG_WARN_DIRECT_OBJC_ISA_USAGE = YES_ERROR;
				CLANG_WARN_DOCUMENTATION_COMMENTS = YES;
				CLANG_WARN_EMPTY_BODY = YES;
				CLANG_WARN_ENUM_CONVERSION = YES;
				CLANG_WARN_INFINITE_RECURSION = YES;
				CLANG_WARN_INT_CONVERSION = YES;
				CLANG_WARN_NON_LITERAL_NULL_CONVERSION = YES;
				CLANG_WARN_OBJC_IMPLICIT_RETAIN_SELF = YES;
				CLANG_WARN_OBJC_LITERAL_CONVERSION = YES;
				CLANG_WARN_OBJC_ROOT_CLASS = YES_ERROR;
				CLANG_WARN_QUOTED_INCLUDE_IN_FRAMEWORK_HEADER = YES;
				CLANG_WARN_RANGE_LOOP_ANALYSIS = YES;
				CLANG_WARN_STRICT_PROTOTYPES = YES;
				CLANG_WARN_SUSPICIOUS_MOVE = YES;
				CLANG_WARN_UNGUARDED_AVAILABILITY = YES_AGGRESSIVE;
				CLANG_WARN_UNREACHABLE_CODE = YES;
				CLANG_WARN__DUPLICATE_METHOD_MATCH = YES;
				COPY_PHASE_STRIP = NO;
				DEBUG_INFORMATION_FORMAT = dwarf;
				ENABLE_STRICT_OBJC_MSGSEND = YES;
				ENABLE_TESTABILITY = YES;
				GCC_C_LANGUAGE_STANDARD = gnu11;
				GCC_DYNAMIC_NO_PIC = NO;
				GCC_NO_COMMON_BLOCKS = YES;
				GCC_OPTIMIZATION_LEVEL = 0;
				GCC_PREPROCESSOR_DEFINITIONS = (
					"DEBUG=1",
					"$(inherited)",
				);
				GCC_WARN_64_TO_32_BIT_CONVERSION = YES;
				GCC_WARN_ABOUT_RETURN_TYPE = YES_ERROR;
				GCC_WARN_UNDECLARED_SELECTOR = YES;
				GCC_WARN_UNINITIALIZED_AUTOS = YES_AGGRESSIVE;
				GCC_WARN_UNUSED_FUNCTION = YES;
				GCC_WARN_UNUSED_VARIABLE = YES;
				IPHONEOS_DEPLOYMENT_TARGET = 15.0;
				MTL_ENABLE_DEBUG_INFO = INCLUDE_SOURCE;
				MTL_FAST_MATH = YES;
				ONLY_ACTIVE_ARCH = YES;
				SDKROOT = iphoneos;
				SWIFT_ACTIVE_COMPILATION_CONDITIONS = DEBUG;
				SWIFT_OPTIMIZATION_LEVEL = "-Onone";
			};
			name = Debug;
		};
		1880D6862A4490E5008DBE6C /* Release */ = {
			isa = XCBuildConfiguration;
			buildSettings = {
				ALWAYS_SEARCH_USER_PATHS = NO;
				CLANG_ANALYZER_LOCALIZABILITY_NONLOCALIZED = YES;
				CLANG_ANALYZER_NONNULL = YES;
				CLANG_ANALYZER_NUMBER_OBJECT_CONVERSION = YES_AGGRESSIVE;
				CLANG_CXX_LANGUAGE_STANDARD = "gnu++20";
				CLANG_ENABLE_MODULES = YES;
				CLANG_ENABLE_OBJC_ARC = YES;
				CLANG_ENABLE_OBJC_WEAK = YES;
				CLANG_WARN_BLOCK_CAPTURE_AUTORELEASING = YES;
				CLANG_WARN_BOOL_CONVERSION = YES;
				CLANG_WARN_COMMA = YES;
				CLANG_WARN_CONSTANT_CONVERSION = YES;
				CLANG_WARN_DEPRECATED_OBJC_IMPLEMENTATIONS = YES;
				CLANG_WARN_DIRECT_OBJC_ISA_USAGE = YES_ERROR;
				CLANG_WARN_DOCUMENTATION_COMMENTS = YES;
				CLANG_WARN_EMPTY_BODY = YES;
				CLANG_WARN_ENUM_CONVERSION = YES;
				CLANG_WARN_INFINITE_RECURSION = YES;
				CLANG_WARN_INT_CONVERSION = YES;
				CLANG_WARN_NON_LITERAL_NULL_CONVERSION = YES;
				CLANG_WARN_OBJC_IMPLICIT_RETAIN_SELF = YES;
				CLANG_WARN_OBJC_LITERAL_CONVERSION = YES;
				CLANG_WARN_OBJC_ROOT_CLASS = YES_ERROR;
				CLANG_WARN_QUOTED_INCLUDE_IN_FRAMEWORK_HEADER = YES;
				CLANG_WARN_RANGE_LOOP_ANALYSIS = YES;
				CLANG_WARN_STRICT_PROTOTYPES = YES;
				CLANG_WARN_SUSPICIOUS_MOVE = YES;
				CLANG_WARN_UNGUARDED_AVAILABILITY = YES_AGGRESSIVE;
				CLANG_WARN_UNREACHABLE_CODE = YES;
				CLANG_WARN__DUPLICATE_METHOD_MATCH = YES;
				COPY_PHASE_STRIP = NO;
				DEBUG_INFORMATION_FORMAT = "dwarf-with-dsym";
				ENABLE_NS_ASSERTIONS = NO;
				ENABLE_STRICT_OBJC_MSGSEND = YES;
				GCC_C_LANGUAGE_STANDARD = gnu11;
				GCC_NO_COMMON_BLOCKS = YES;
				GCC_WARN_64_TO_32_BIT_CONVERSION = YES;
				GCC_WARN_ABOUT_RETURN_TYPE = YES_ERROR;
				GCC_WARN_UNDECLARED_SELECTOR = YES;
				GCC_WARN_UNINITIALIZED_AUTOS = YES_AGGRESSIVE;
				GCC_WARN_UNUSED_FUNCTION = YES;
				GCC_WARN_UNUSED_VARIABLE = YES;
				IPHONEOS_DEPLOYMENT_TARGET = 15.0;
				MTL_ENABLE_DEBUG_INFO = NO;
				MTL_FAST_MATH = YES;
				SDKROOT = iphoneos;
				SWIFT_COMPILATION_MODE = wholemodule;
				SWIFT_OPTIMIZATION_LEVEL = "-O";
				VALIDATE_PRODUCT = YES;
			};
			name = Release;
		};
		1880D6882A4490E5008DBE6C /* Debug */ = {
			isa = XCBuildConfiguration;
			buildSettings = {
				ASSETCATALOG_COMPILER_APPICON_NAME = AppIcon;
				ASSETCATALOG_COMPILER_GLOBAL_ACCENT_COLOR_NAME = AccentColor;
				CODE_SIGN_STYLE = Automatic;
				CURRENT_PROJECT_VERSION = 1;
				DEVELOPMENT_TEAM = 4V4XBFRF5Z;
				GENERATE_INFOPLIST_FILE = YES;
				INFOPLIST_FILE = RunmeApp/App/Info.plist;
				INFOPLIST_KEY_CFBundleDisplayName = RunmeApp;
				INFOPLIST_KEY_NSFaceIDUsageDescription = FaceID;
				INFOPLIST_KEY_UIApplicationSupportsIndirectInputEvents = YES;
				INFOPLIST_KEY_UILaunchStoryboardName = LaunchScreen;
				INFOPLIST_KEY_UISupportedInterfaceOrientations = UIInterfaceOrientationPortrait;
				INFOPLIST_KEY_UISupportedInterfaceOrientations_iPad = "UIInterfaceOrientationPortrait UIInterfaceOrientationPortraitUpsideDown";
				LD_RUNPATH_SEARCH_PATHS = (
					"$(inherited)",
					"@executable_path/Frameworks",
				);
				MARKETING_VERSION = 1.0;
				PRODUCT_BUNDLE_IDENTIFIER = com.amorfien.RunmeApp;
				PRODUCT_NAME = "$(TARGET_NAME)";
				SWIFT_EMIT_LOC_STRINGS = YES;
				SWIFT_VERSION = 5.0;
				TARGETED_DEVICE_FAMILY = "1,2";
			};
			name = Debug;
		};
		1880D6892A4490E5008DBE6C /* Release */ = {
			isa = XCBuildConfiguration;
			buildSettings = {
				ASSETCATALOG_COMPILER_APPICON_NAME = AppIcon;
				ASSETCATALOG_COMPILER_GLOBAL_ACCENT_COLOR_NAME = AccentColor;
				CODE_SIGN_STYLE = Automatic;
				CURRENT_PROJECT_VERSION = 1;
				DEVELOPMENT_TEAM = 4V4XBFRF5Z;
				GENERATE_INFOPLIST_FILE = YES;
				INFOPLIST_FILE = RunmeApp/App/Info.plist;
				INFOPLIST_KEY_CFBundleDisplayName = RunmeApp;
				INFOPLIST_KEY_NSFaceIDUsageDescription = FaceID;
				INFOPLIST_KEY_UIApplicationSupportsIndirectInputEvents = YES;
				INFOPLIST_KEY_UILaunchStoryboardName = LaunchScreen;
				INFOPLIST_KEY_UISupportedInterfaceOrientations = UIInterfaceOrientationPortrait;
				INFOPLIST_KEY_UISupportedInterfaceOrientations_iPad = "UIInterfaceOrientationPortrait UIInterfaceOrientationPortraitUpsideDown";
				LD_RUNPATH_SEARCH_PATHS = (
					"$(inherited)",
					"@executable_path/Frameworks",
				);
				MARKETING_VERSION = 1.0;
				PRODUCT_BUNDLE_IDENTIFIER = com.amorfien.RunmeApp;
				PRODUCT_NAME = "$(TARGET_NAME)";
				SWIFT_EMIT_LOC_STRINGS = YES;
				SWIFT_VERSION = 5.0;
				TARGETED_DEVICE_FAMILY = "1,2";
			};
			name = Release;
		};
/* End XCBuildConfiguration section */

/* Begin XCConfigurationList section */
		1880D66E2A4490E4008DBE6C /* Build configuration list for PBXProject "RunmeApp" */ = {
			isa = XCConfigurationList;
			buildConfigurations = (
				1880D6852A4490E5008DBE6C /* Debug */,
				1880D6862A4490E5008DBE6C /* Release */,
			);
			defaultConfigurationIsVisible = 0;
			defaultConfigurationName = Release;
		};
		1880D6872A4490E5008DBE6C /* Build configuration list for PBXNativeTarget "RunmeApp" */ = {
			isa = XCConfigurationList;
			buildConfigurations = (
				1880D6882A4490E5008DBE6C /* Debug */,
				1880D6892A4490E5008DBE6C /* Release */,
			);
			defaultConfigurationIsVisible = 0;
			defaultConfigurationName = Release;
		};
/* End XCConfigurationList section */

/* Begin XCRemoteSwiftPackageReference section */
		18020EF82A46211F00D615D7 /* XCRemoteSwiftPackageReference "firebase-ios-sdk" */ = {
			isa = XCRemoteSwiftPackageReference;
			repositoryURL = "https://github.com/firebase/firebase-ios-sdk";
			requirement = {
				kind = upToNextMinorVersion;
				minimumVersion = 10.11.0;
			};
		};
/* End XCRemoteSwiftPackageReference section */

/* Begin XCSwiftPackageProductDependency section */
		18020EF92A46211F00D615D7 /* FirebaseAuth */ = {
			isa = XCSwiftPackageProductDependency;
			package = 18020EF82A46211F00D615D7 /* XCRemoteSwiftPackageReference "firebase-ios-sdk" */;
			productName = FirebaseAuth;
		};
		18020EFB2A46211F00D615D7 /* FirebaseDatabase */ = {
			isa = XCSwiftPackageProductDependency;
			package = 18020EF82A46211F00D615D7 /* XCRemoteSwiftPackageReference "firebase-ios-sdk" */;
			productName = FirebaseDatabase;
		};
		18020EFD2A46211F00D615D7 /* FirebaseFirestore */ = {
			isa = XCSwiftPackageProductDependency;
			package = 18020EF82A46211F00D615D7 /* XCRemoteSwiftPackageReference "firebase-ios-sdk" */;
			productName = FirebaseFirestore;
		};
		18020EFF2A46211F00D615D7 /* FirebaseStorage */ = {
			isa = XCSwiftPackageProductDependency;
			package = 18020EF82A46211F00D615D7 /* XCRemoteSwiftPackageReference "firebase-ios-sdk" */;
			productName = FirebaseStorage;
		};
/* End XCSwiftPackageProductDependency section */

/* Begin XCVersionGroup section */
		1885DB222A615BC500F62765 /* RunmeAppCoreData.xcdatamodeld */ = {
			isa = XCVersionGroup;
			children = (
				1885DB232A615BC500F62765 /* RunmeAppCoreData.xcdatamodel */,
			);
			currentVersion = 1885DB232A615BC500F62765 /* RunmeAppCoreData.xcdatamodel */;
			path = RunmeAppCoreData.xcdatamodeld;
			sourceTree = "<group>";
			versionGroupType = wrapper.xcdatamodel;
		};
/* End XCVersionGroup section */
	};
	rootObject = 1880D66B2A4490E4008DBE6C /* Project object */;
}
